PODS:
  - Differentiator (4.0.1)
  - PureLayout (3.1.6)
  - RxCocoa (5.1.1):
    - RxRelay (~> 5)
    - RxSwift (~> 5)
  - RxCoreLocation (1.5.0):
    - RxCoreLocation/Core (= 1.5.0)
  - RxCoreLocation/Core (1.5.0):
    - RxCocoa (~> 5.1)
    - RxSwift (~> 5.1)
  - RxDataSources (4.0.1):
    - Differentiator (~> 4.0)
    - RxCocoa (~> 5.0)
    - RxSwift (~> 5.0)
  - RxRelay (5.1.1):
    - RxSwift (~> 5)
  - RxSwift (5.1.1)

DEPENDENCIES:
  - PureLayout
  - RxCocoa (~> 5)
  - RxCoreLocation (~> 1.4)
  - RxDataSources
  - RxSwift (~> 5)

SPEC REPOS:
  trunk:
    - Differentiator
    - PureLayout
    - RxCocoa
    - RxCoreLocation
    - RxDataSources
    - RxRelay
    - RxSwift

SPEC CHECKSUMS:
  Differentiator: 886080237d9f87f322641dedbc5be257061b0602
  PureLayout: bd3c4ec3a3819ad387c99ebb72c6b129c3ed4d2d
  RxCocoa: 32065309a38d29b5b0db858819b5bf9ef038b601
  RxCoreLocation: 4789d980742b21c087062387f6758b456221fb2f
  RxDataSources: efee07fa4de48477eca0a4611e6d11e2da9c1114
  RxRelay: d77f7d771495f43c556cbc43eebd1bb54d01e8e9
  RxSwift: 81470a2074fa8780320ea5fe4102807cb7118178

PODFILE CHECKSUM: 59f4ec6ee1d88ee67ac4434fc8d09cb5f7e98524

COCOAPODS: 1.9.3
